<?xml version="1.0" encoding="utf-8"?>
<Project ToolsVersion="4.0" xmlns="http://schemas.microsoft.com/developer/msbuild/2003">
  <ItemGroup>
    <Filter Include="Shader">
      <UniqueIdentifier>{8bd6ec95-1d91-41f2-a3c7-a243c36e22af}</UniqueIdentifier>
    </Filter>
    <Filter Include="Graphics">
      <UniqueIdentifier>{c55b5fed-41b0-489d-8503-e1909657d5f5}</UniqueIdentifier>
    </Filter>
    <Filter Include="Graphics\Camera">
      <UniqueIdentifier>{f0b41862-22fe-498e-b8c1-82447f21a043}</UniqueIdentifier>
    </Filter>
    <Filter Include="Window">
      <UniqueIdentifier>{252a0ac4-e4cd-4219-8437-c1dcfec57fe1}</UniqueIdentifier>
    </Filter>
    <Filter Include="Graphics\Primitive">
      <UniqueIdentifier>{9a3a4293-9804-4137-8650-687a64b4233b}</UniqueIdentifier>
    </Filter>
    <Filter Include="Graphics\Shader">
      <UniqueIdentifier>{8ef3acab-5bb3-4805-a9cc-a05126ac2408}</UniqueIdentifier>
    </Filter>
    <Filter Include="Graphics\Light">
      <UniqueIdentifier>{1bbb1398-a50a-40c5-b8df-b296e976ce4d}</UniqueIdentifier>
    </Filter>
    <Filter Include="Graphics\Const buffer">
      <UniqueIdentifier>{69f90368-a132-4b92-9b75-9a999da5e026}</UniqueIdentifier>
    </Filter>
    <Filter Include="ImGUI">
      <UniqueIdentifier>{6c2eb52f-7e2c-415c-ac75-3a6001d68c3c}</UniqueIdentifier>
    </Filter>
    <Filter Include="Graphics\Units">
      <UniqueIdentifier>{0eefa8d5-8371-4135-9660-07a043d5ce99}</UniqueIdentifier>
    </Filter>
  </ItemGroup>
  <ItemGroup>
    <ClCompile Include="camera.cpp">
      <Filter>Graphics\Camera</Filter>
    </ClCompile>
    <ClCompile Include="graphics.cpp">
      <Filter>Graphics</Filter>
    </ClCompile>
    <ClCompile Include="window.cpp">
      <Filter>Window</Filter>
    </ClCompile>
    <ClCompile Include="main.cpp" />
    <ClCompile Include="primitive.cpp">
      <Filter>Graphics\Primitive</Filter>
    </ClCompile>
    <ClCompile Include="Shader.cpp">
      <Filter>Graphics\Shader</Filter>
    </ClCompile>
    <ClCompile Include="const_buffer.cpp">
      <Filter>Graphics\Const buffer</Filter>
    </ClCompile>
    <ClCompile Include="spotlight.cpp">
      <Filter>Graphics\Light</Filter>
    </ClCompile>
    <ClCompile Include="imgui.cpp">
      <Filter>ImGUI</Filter>
    </ClCompile>
    <ClCompile Include="imgui_impl_dx11.cpp">
      <Filter>ImGUI</Filter>
    </ClCompile>
    <ClCompile Include="imgui_impl_win32.cpp">
      <Filter>ImGUI</Filter>
    </ClCompile>
    <ClCompile Include="imgui_demo.cpp">
      <Filter>ImGUI</Filter>
    </ClCompile>
    <ClCompile Include="imgui_draw.cpp">
      <Filter>ImGUI</Filter>
    </ClCompile>
    <ClCompile Include="imgui_tables.cpp">
      <Filter>ImGUI</Filter>
    </ClCompile>
    <ClCompile Include="imgui_widgets.cpp">
      <Filter>ImGUI</Filter>
    </ClCompile>
    <ClCompile Include="unit_skybox.cpp">
      <Filter>Graphics\Units</Filter>
    </ClCompile>
    <ClCompile Include="primitive_samples.cpp">
      <Filter>Graphics\Primitive</Filter>
    </ClCompile>
    <ClCompile Include="unit_sphere_scene.cpp">
      <Filter>Graphics\Units</Filter>
    </ClCompile>
  </ItemGroup>
  <ItemGroup>
    <ClInclude Include="camera.h">
      <Filter>Graphics\Camera</Filter>
    </ClInclude>
    <ClInclude Include="graphics.h">
      <Filter>Graphics</Filter>
    </ClInclude>
    <ClInclude Include="window.h">
      <Filter>Window</Filter>
    </ClInclude>
    <ClInclude Include="primitive.h">
      <Filter>Graphics\Primitive</Filter>
    </ClInclude>
    <ClInclude Include="Shader.h">
      <Filter>Graphics\Shader</Filter>
    </ClInclude>
    <ClInclude Include="spotlight.h">
      <Filter>Graphics\Light</Filter>
    </ClInclude>
    <ClInclude Include="const_buffer.h">
      <Filter>Graphics\Const buffer</Filter>
    </ClInclude>
    <ClInclude Include="imgui.h">
      <Filter>ImGUI</Filter>
    </ClInclude>
    <ClInclude Include="imgui_impl_dx11.h">
      <Filter>ImGUI</Filter>
    </ClInclude>
    <ClInclude Include="imgui_impl_win32.h">
      <Filter>ImGUI</Filter>
    </ClInclude>
    <ClInclude Include="imgui_internal.h">
      <Filter>ImGUI</Filter>
    </ClInclude>
    <ClInclude Include="imstb_rectpack.h">
      <Filter>ImGUI</Filter>
    </ClInclude>
    <ClInclude Include="imstb_textedit.h">
      <Filter>ImGUI</Filter>
    </ClInclude>
    <ClInclude Include="imstb_truetype.h">
      <Filter>ImGUI</Filter>
    </ClInclude>
    <ClInclude Include="imconfig.h">
      <Filter>ImGUI</Filter>
    </ClInclude>
    <ClInclude Include="unit.h">
      <Filter>Graphics\Units</Filter>
    </ClInclude>
    <ClInclude Include="unit_skybox.h">
      <Filter>Graphics\Units</Filter>
    </ClInclude>
    <ClInclude Include="primitive_samples.h">
      <Filter>Graphics\Primitive</Filter>
    </ClInclude>
    <ClInclude Include="unit_sphere_scene.h">
      <Filter>Graphics\Units</Filter>
    </ClInclude>
  </ItemGroup>
  <ItemGroup>
    <FxCompile Include="simple.fx">
      <Filter>Shader</Filter>
    </FxCompile>
    <FxCompile Include="brightness.fx">
      <Filter>Shader</Filter>
    </FxCompile>
    <FxCompile Include="tonemap.fx">
      <Filter>Shader</Filter>
    </FxCompile>
    <FxCompile Include="pbr.fx">
      <Filter>Shader</Filter>
    </FxCompile>
    <FxCompile Include="skybox.fx">
      <Filter>Shader</Filter>
    </FxCompile>
  </ItemGroup>
</Project>